
Microsoft Visual Studio Solution File, Format Version 12.00
# Visual Studio Version 16
VisualStudioVersion = 16.0.31515.178
MinimumVisualStudioVersion = 10.0.40219.1
Project("{FAE04EC0-301F-11D3-BF4B-00C04F79EFBC}") = "webDB", "webDB\webDB.csproj", "{614B2B4F-3F0B-4164-8986-85748799B695}"
EndProject
Global
	GlobalSection(SolutionConfigurationPlatforms) = preSolution
		Debug|Any CPU = Debug|Any CPU
		Release|Any CPU = Release|Any CPU
	EndGlobalSection
	GlobalSection(ProjectConfigurationPlatforms) = postSolution
		{614B2B4F-3F0B-4164-8986-85748799B695}.Debug|Any CPU.ActiveCfg = Debug|Any CPU
		{614B2B4F-3F0B-4164-8986-85748799B695}.Debug|Any CPU.Build.0 = Debug|Any CPU
		{614B2B4F-3F0B-4164-8986-85748799B695}.Release|Any CPU.ActiveCfg = Release|Any CPU
		{614B2B4F-3F0B-4164-8986-85748799B695}.Release|Any CPU.Build.0 = Release|Any CPU
	EndGlobalSection
	GlobalSection(SolutionProperties) = preSolution
		HideSolutionNode = FALSE
	EndGlobalSection
	GlobalSection(ExtensibilityGlobals) = postSolution
		SolutionGuid = {768B6C2D-CC37-48CC-88AB-A802C8A11800}
	EndGlobalSection
EndGlobal
